
Microsoft Visual Studio Solution File, Format Version 12.00
# Visual Studio Version 16
VisualStudioVersion = 16.0.28922.388
MinimumVisualStudioVersion = 10.0.40219.1
Project("{FAE04EC0-301F-11D3-BF4B-00C04F79EFBC}") = "Gerador", "Gerador.csproj", "{B844159A-01E8-4948-A320-A099A6B94E69}"
EndProject
Project("{2150E333-8FDC-42A3-9474-1A3956D46DE8}") = "Solution Items", "Solution Items", "{B65388F0-1360-4195-BBA0-389F4BC05A28}"
	ProjectSection(SolutionItems) = preProject
		Nomes.json = Nomes.json
	EndProjectSection
EndProject
Global
	GlobalSection(SolutionConfigurationPlatforms) = preSolution
		Debug|Any CPU = Debug|Any CPU
		Release|Any CPU = Release|Any CPU
	EndGlobalSection
	GlobalSection(ProjectConfigurationPlatforms) = postSolution
		{B844159A-01E8-4948-A320-A099A6B94E69}.Debug|Any CPU.ActiveCfg = Debug|Any CPU
		{B844159A-01E8-4948-A320-A099A6B94E69}.Debug|Any CPU.Build.0 = Debug|Any CPU
		{B844159A-01E8-4948-A320-A099A6B94E69}.Release|Any CPU.ActiveCfg = Release|Any CPU
		{B844159A-01E8-4948-A320-A099A6B94E69}.Release|Any CPU.Build.0 = Release|Any CPU
	EndGlobalSection
	GlobalSection(SolutionProperties) = preSolution
		HideSolutionNode = FALSE
	EndGlobalSection
	GlobalSection(ExtensibilityGlobals) = postSolution
		SolutionGuid = {495F5DB8-ECF1-472D-ACDD-79239F2ADA27}
	EndGlobalSection
EndGlobal
